
Microsoft Visual Studio Solution File, Format Version 12.00
# Visual Studio 2012
Project("{F2A71F9B-5D33-465A-A702-920D77279786}") = "Flotten", "Flotten\Flotten.fsproj", "{8F108B6A-0FBE-4D6E-8DAA-B5BA1429C925}"
EndProject
Project("{2150E333-8FDC-42A3-9474-1A3956D46DE8}") = "Solution Items", "Solution Items", "{8CD831A1-D7E2-4D48-86D2-9BDC5D59EB16}"
	ProjectSection(SolutionItems) = preProject
		Notes.txt = Notes.txt
	EndProjectSection
EndProject
Global
	GlobalSection(SolutionConfigurationPlatforms) = preSolution
		Debug|Any CPU = Debug|Any CPU
		Release|Any CPU = Release|Any CPU
	EndGlobalSection
	GlobalSection(ProjectConfigurationPlatforms) = postSolution
		{8F108B6A-0FBE-4D6E-8DAA-B5BA1429C925}.Debug|Any CPU.ActiveCfg = Debug|Any CPU
		{8F108B6A-0FBE-4D6E-8DAA-B5BA1429C925}.Debug|Any CPU.Build.0 = Debug|Any CPU
		{8F108B6A-0FBE-4D6E-8DAA-B5BA1429C925}.Release|Any CPU.ActiveCfg = Release|Any CPU
		{8F108B6A-0FBE-4D6E-8DAA-B5BA1429C925}.Release|Any CPU.Build.0 = Release|Any CPU
	EndGlobalSection
	GlobalSection(SolutionProperties) = preSolution
		HideSolutionNode = FALSE
	EndGlobalSection
EndGlobal
